// !$*UTF8*$!
{
	archiveVersion = 1;
	classes = {
	};
	objectVersion = 50;
	objects = {

/* Begin PBXBuildFile section */
		213061B8A5930CE7C2C4EF5B /* Pods_Listado_de_Series.framework in Frameworks */ = {isa = PBXBuildFile; fileRef = ABE01A32CFA4B7F057D09925 /* Pods_Listado_de_Series.framework */; };
		5BACE75122225CF400C5742A /* AppDelegate.swift in Sources */ = {isa = PBXBuildFile; fileRef = 5BACE75022225CF400C5742A /* AppDelegate.swift */; };
		5BACE75322225CF400C5742A /* ViewController.swift in Sources */ = {isa = PBXBuildFile; fileRef = 5BACE75222225CF400C5742A /* ViewController.swift */; };
		5BACE75622225CF400C5742A /* Main.storyboard in Resources */ = {isa = PBXBuildFile; fileRef = 5BACE75422225CF400C5742A /* Main.storyboard */; };
		5BACE75922225CF400C5742A /* Listado_de_Series.xcdatamodeld in Sources */ = {isa = PBXBuildFile; fileRef = 5BACE75722225CF400C5742A /* Listado_de_Series.xcdatamodeld */; };
		5BACE75B22225CF600C5742A /* Assets.xcassets in Resources */ = {isa = PBXBuildFile; fileRef = 5BACE75A22225CF600C5742A /* Assets.xcassets */; };
		5BACE75E22225CF600C5742A /* LaunchScreen.storyboard in Resources */ = {isa = PBXBuildFile; fileRef = 5BACE75C22225CF600C5742A /* LaunchScreen.storyboard */; };
		5BACE76822227E8700C5742A /* PrincipalCollectionViewCell.swift in Sources */ = {isa = PBXBuildFile; fileRef = 5BACE76722227E8700C5742A /* PrincipalCollectionViewCell.swift */; };
		5BACE7A52223CDB300C5742A /* ShowBriefModel.swift in Sources */ = {isa = PBXBuildFile; fileRef = 5BACE7A42223CDB300C5742A /* ShowBriefModel.swift */; };
		5BACE7A722246C8300C5742A /* WebService.swift in Sources */ = {isa = PBXBuildFile; fileRef = 5BACE7A622246C8200C5742A /* WebService.swift */; };
		5BACE7A922246CA800C5742A /* ShowDetailModel.swift in Sources */ = {isa = PBXBuildFile; fileRef = 5BACE7A822246CA800C5742A /* ShowDetailModel.swift */; };
		5BACE7D02224DD4000C5742A /* DetallesViewController.swift in Sources */ = {isa = PBXBuildFile; fileRef = 5BACE7CF2224DD4000C5742A /* DetallesViewController.swift */; };
		5BACE7D422252FF100C5742A /* temporadasTableViewCell.swift in Sources */ = {isa = PBXBuildFile; fileRef = 5BACE7D322252FF100C5742A /* temporadasTableViewCell.swift */; };
/* End PBXBuildFile section */

/* Begin PBXFileReference section */
		5BACE74D22225CF400C5742A /* Listado de Series.app */ = {isa = PBXFileReference; explicitFileType = wrapper.application; includeInIndex = 0; path = "Listado de Series.app"; sourceTree = BUILT_PRODUCTS_DIR; };
		5BACE75022225CF400C5742A /* AppDelegate.swift */ = {isa = PBXFileReference; lastKnownFileType = sourcecode.swift; path = AppDelegate.swift; sourceTree = "<group>"; };
		5BACE75222225CF400C5742A /* ViewController.swift */ = {isa = PBXFileReference; lastKnownFileType = sourcecode.swift; path = ViewController.swift; sourceTree = "<group>"; };
		5BACE75522225CF400C5742A /* Base */ = {isa = PBXFileReference; lastKnownFileType = file.storyboard; name = Base; path = Base.lproj/Main.storyboard; sourceTree = "<group>"; };
		5BACE75822225CF400C5742A /* Listado_de_Series.xcdatamodel */ = {isa = PBXFileReference; lastKnownFileType = wrapper.xcdatamodel; path = Listado_de_Series.xcdatamodel; sourceTree = "<group>"; };
		5BACE75A22225CF600C5742A /* Assets.xcassets */ = {isa = PBXFileReference; lastKnownFileType = folder.assetcatalog; path = Assets.xcassets; sourceTree = "<group>"; };
		5BACE75D22225CF600C5742A /* Base */ = {isa = PBXFileReference; lastKnownFileType = file.storyboard; name = Base; path = Base.lproj/LaunchScreen.storyboard; sourceTree = "<group>"; };
		5BACE75F22225CF600C5742A /* Info.plist */ = {isa = PBXFileReference; lastKnownFileType = text.plist.xml; path = Info.plist; sourceTree = "<group>"; };
		5BACE76722227E8700C5742A /* PrincipalCollectionViewCell.swift */ = {isa = PBXFileReference; lastKnownFileType = sourcecode.swift; path = PrincipalCollectionViewCell.swift; sourceTree = "<group>"; };
		5BACE7A42223CDB300C5742A /* ShowBriefModel.swift */ = {isa = PBXFileReference; fileEncoding = 4; lastKnownFileType = sourcecode.swift; path = ShowBriefModel.swift; sourceTree = "<group>"; };
		5BACE7A622246C8200C5742A /* WebService.swift */ = {isa = PBXFileReference; fileEncoding = 4; lastKnownFileType = sourcecode.swift; path = WebService.swift; sourceTree = "<group>"; };
		5BACE7A822246CA800C5742A /* ShowDetailModel.swift */ = {isa = PBXFileReference; fileEncoding = 4; lastKnownFileType = sourcecode.swift; path = ShowDetailModel.swift; sourceTree = "<group>"; };
		5BACE7CF2224DD4000C5742A /* DetallesViewController.swift */ = {isa = PBXFileReference; lastKnownFileType = sourcecode.swift; path = DetallesViewController.swift; sourceTree = "<group>"; };
		5BACE7D322252FF100C5742A /* temporadasTableViewCell.swift */ = {isa = PBXFileReference; lastKnownFileType = sourcecode.swift; path = temporadasTableViewCell.swift; sourceTree = "<group>"; };
		ABE01A32CFA4B7F057D09925 /* Pods_Listado_de_Series.framework */ = {isa = PBXFileReference; explicitFileType = wrapper.framework; includeInIndex = 0; path = Pods_Listado_de_Series.framework; sourceTree = BUILT_PRODUCTS_DIR; };
		C0B75229CE0EC90D8A5899C7 /* Pods-Listado de Series.release.xcconfig */ = {isa = PBXFileReference; includeInIndex = 1; lastKnownFileType = text.xcconfig; name = "Pods-Listado de Series.release.xcconfig"; path = "Pods/Target Support Files/Pods-Listado de Series/Pods-Listado de Series.release.xcconfig"; sourceTree = "<group>"; };
		EAD5DE3D34D75E4C3C6EF4E4 /* Pods-Listado de Series.debug.xcconfig */ = {isa = PBXFileReference; includeInIndex = 1; lastKnownFileType = text.xcconfig; name = "Pods-Listado de Series.debug.xcconfig"; path = "Pods/Target Support Files/Pods-Listado de Series/Pods-Listado de Series.debug.xcconfig"; sourceTree = "<group>"; };
/* End PBXFileReference section */

/* Begin PBXFrameworksBuildPhase section */
		5BACE74A22225CF400C5742A /* Frameworks */ = {
			isa = PBXFrameworksBuildPhase;
			buildActionMask = 2147483647;
			files = (
				213061B8A5930CE7C2C4EF5B /* Pods_Listado_de_Series.framework in Frameworks */,
			);
			runOnlyForDeploymentPostprocessing = 0;
		};
/* End PBXFrameworksBuildPhase section */

/* Begin PBXGroup section */
		5BACE74422225CF400C5742A = {
			isa = PBXGroup;
			children = (
				5BACE74F22225CF400C5742A /* Listado de Series */,
				5BACE74E22225CF400C5742A /* Products */,
				989C5478B059D5C7F8EE0A37 /* Pods */,
				EF0878685DFCD3A225633C63 /* Frameworks */,
			);
			sourceTree = "<group>";
		};
		5BACE74E22225CF400C5742A /* Products */ = {
			isa = PBXGroup;
			children = (
				5BACE74D22225CF400C5742A /* Listado de Series.app */,
			);
			name = Products;
			sourceTree = "<group>";
		};
		5BACE74F22225CF400C5742A /* Listado de Series */ = {
			isa = PBXGroup;
			children = (
				5BACE7A622246C8200C5742A /* WebService.swift */,
				5BACE7A42223CDB300C5742A /* ShowBriefModel.swift */,
				5BACE7A822246CA800C5742A /* ShowDetailModel.swift */,
				5BACE7D322252FF100C5742A /* temporadasTableViewCell.swift */,
				5BACE7CF2224DD4000C5742A /* DetallesViewController.swift */,
				5BACE76722227E8700C5742A /* PrincipalCollectionViewCell.swift */,
				5BACE75222225CF400C5742A /* ViewController.swift */,
				5BACE75022225CF400C5742A /* AppDelegate.swift */,
				5BACE75422225CF400C5742A /* Main.storyboard */,
				5BACE75A22225CF600C5742A /* Assets.xcassets */,
				5BACE75C22225CF600C5742A /* LaunchScreen.storyboard */,
				5BACE75F22225CF600C5742A /* Info.plist */,
				5BACE75722225CF400C5742A /* Listado_de_Series.xcdatamodeld */,
			);
			path = "Listado de Series";
			sourceTree = "<group>";
		};
		989C5478B059D5C7F8EE0A37 /* Pods */ = {
			isa = PBXGroup;
			children = (
				EAD5DE3D34D75E4C3C6EF4E4 /* Pods-Listado de Series.debug.xcconfig */,
				C0B75229CE0EC90D8A5899C7 /* Pods-Listado de Series.release.xcconfig */,
			);
			name = Pods;
			sourceTree = "<group>";
		};
		EF0878685DFCD3A225633C63 /* Frameworks */ = {
			isa = PBXGroup;
			children = (
				ABE01A32CFA4B7F057D09925 /* Pods_Listado_de_Series.framework */,
			);
			name = Frameworks;
			sourceTree = "<group>";
		};
/* End PBXGroup section */

/* Begin PBXNativeTarget section */
		5BACE74C22225CF400C5742A /* Listado de Series */ = {
			isa = PBXNativeTarget;
			buildConfigurationList = 5BACE76222225CF600C5742A /* Build configuration list for PBXNativeTarget "Listado de Series" */;
			buildPhases = (
				7EB04B48E7996B1814DF3502 /* [CP] Check Pods Manifest.lock */,
				5BACE74922225CF400C5742A /* Sources */,
				5BACE74A22225CF400C5742A /* Frameworks */,
				5BACE74B22225CF400C5742A /* Resources */,
				516C46FC90BC5CF1E5BD388F /* [CP] Embed Pods Frameworks */,
			);
			buildRules = (
			);
			dependencies = (
			);
			name = "Listado de Series";
			productName = "Listado de Series";
			productReference = 5BACE74D22225CF400C5742A /* Listado de Series.app */;
			productType = "com.apple.product-type.application";
		};
/* End PBXNativeTarget section */

/* Begin PBXProject section */
		5BACE74522225CF400C5742A /* Project object */ = {
			isa = PBXProject;
			attributes = {
				LastSwiftUpdateCheck = 1010;
				LastUpgradeCheck = 1010;
				ORGANIZATIONNAME = "Angel Olvera";
				TargetAttributes = {
					5BACE74C22225CF400C5742A = {
						CreatedOnToolsVersion = 10.1;
					};
				};
			};
			buildConfigurationList = 5BACE74822225CF400C5742A /* Build configuration list for PBXProject "Listado de Series" */;
			compatibilityVersion = "Xcode 9.3";
			developmentRegion = en;
			hasScannedForEncodings = 0;
			knownRegions = (
				en,
				Base,
			);
			mainGroup = 5BACE74422225CF400C5742A;
			productRefGroup = 5BACE74E22225CF400C5742A /* Products */;
			projectDirPath = "";
			projectRoot = "";
			targets = (
				5BACE74C22225CF400C5742A /* Listado de Series */,
			);
		};
/* End PBXProject section */

/* Begin PBXResourcesBuildPhase section */
		5BACE74B22225CF400C5742A /* Resources */ = {
			isa = PBXResourcesBuildPhase;
			buildActionMask = 2147483647;
			files = (
				5BACE75E22225CF600C5742A /* LaunchScreen.storyboard in Resources */,
				5BACE75B22225CF600C5742A /* Assets.xcassets in Resources */,
				5BACE75622225CF400C5742A /* Main.storyboard in Resources */,
			);
			runOnlyForDeploymentPostprocessing = 0;
		};
/* End PBXResourcesBuildPhase section */

/* Begin PBXShellScriptBuildPhase section */
		516C46FC90BC5CF1E5BD388F /* [CP] Embed Pods Frameworks */ = {
			isa = PBXShellScriptBuildPhase;
			buildActionMask = 2147483647;
			files = (
			);
			inputFileListPaths = (
			);
			inputPaths = (
				"${SRCROOT}/Pods/Target Support Files/Pods-Listado de Series/Pods-Listado de Series-frameworks.sh",
				"${BUILT_PRODUCTS_DIR}/Alamofire/Alamofire.framework",
				"${BUILT_PRODUCTS_DIR}/AlamofireImage/AlamofireImage.framework",
				"${BUILT_PRODUCTS_DIR}/SwiftyJSON/SwiftyJSON.framework",
			);
			name = "[CP] Embed Pods Frameworks";
			outputFileListPaths = (
			);
			outputPaths = (
				"${TARGET_BUILD_DIR}/${FRAMEWORKS_FOLDER_PATH}/Alamofire.framework",
				"${TARGET_BUILD_DIR}/${FRAMEWORKS_FOLDER_PATH}/AlamofireImage.framework",
				"${TARGET_BUILD_DIR}/${FRAMEWORKS_FOLDER_PATH}/SwiftyJSON.framework",
			);
			runOnlyForDeploymentPostprocessing = 0;
			shellPath = /bin/sh;
			shellScript = "\"${SRCROOT}/Pods/Target Support Files/Pods-Listado de Series/Pods-Listado de Series-frameworks.sh\"\n";
			showEnvVarsInLog = 0;
		};
		7EB04B48E7996B1814DF3502 /* [CP] Check Pods Manifest.lock */ = {
			isa = PBXShellScriptBuildPhase;
			buildActionMask = 2147483647;
			files = (
			);
			inputFileListPaths = (
			);
			inputPaths = (
				"${PODS_PODFILE_DIR_PATH}/Podfile.lock",
				"${PODS_ROOT}/Manifest.lock",
			);
			name = "[CP] Check Pods Manifest.lock";
			outputFileListPaths = (
			);
			outputPaths = (
				"$(DERIVED_FILE_DIR)/Pods-Listado de Series-checkManifestLockResult.txt",
			);
			runOnlyForDeploymentPostprocessing = 0;
			shellPath = /bin/sh;
			shellScript = "diff \"${PODS_PODFILE_DIR_PATH}/Podfile.lock\" \"${PODS_ROOT}/Manifest.lock\" > /dev/null\nif [ $? != 0 ] ; then\n    # print error to STDERR\n    echo \"error: The sandbox is not in sync with the Podfile.lock. Run 'pod install' or update your CocoaPods installation.\" >&2\n    exit 1\nfi\n# This output is used by Xcode 'outputs' to avoid re-running this script phase.\necho \"SUCCESS\" > \"${SCRIPT_OUTPUT_FILE_0}\"\n";
			showEnvVarsInLog = 0;
		};
/* End PBXShellScriptBuildPhase section */

/* Begin PBXSourcesBuildPhase section */
		5BACE74922225CF400C5742A /* Sources */ = {
			isa = PBXSourcesBuildPhase;
			buildActionMask = 2147483647;
			files = (
				5BACE76822227E8700C5742A /* PrincipalCollectionViewCell.swift in Sources */,
				5BACE7D422252FF100C5742A /* temporadasTableViewCell.swift in Sources */,
				5BACE75922225CF400C5742A /* Listado_de_Series.xcdatamodeld in Sources */,
				5BACE7A722246C8300C5742A /* WebService.swift in Sources */,
				5BACE75322225CF400C5742A /* ViewController.swift in Sources */,
				5BACE7D02224DD4000C5742A /* DetallesViewController.swift in Sources */,
				5BACE75122225CF400C5742A /* AppDelegate.swift in Sources */,
				5BACE7A922246CA800C5742A /* ShowDetailModel.swift in Sources */,
				5BACE7A52223CDB300C5742A /* ShowBriefModel.swift in Sources */,
			);
			runOnlyForDeploymentPostprocessing = 0;
		};
/* End PBXSourcesBuildPhase section */

/* Begin PBXVariantGroup section */
		5BACE75422225CF400C5742A /* Main.storyboard */ = {
			isa = PBXVariantGroup;
			children = (
				5BACE75522225CF400C5742A /* Base */,
			);
			name = Main.storyboard;
			sourceTree = "<group>";
		};
		5BACE75C22225CF600C5742A /* LaunchScreen.storyboard */ = {
			isa = PBXVariantGroup;
			children = (
				5BACE75D22225CF600C5742A /* Base */,
			);
			name = LaunchScreen.storyboard;
			sourceTree = "<group>";
		};
/* End PBXVariantGroup section */

/* Begin XCBuildConfiguration section */
		5BACE76022225CF600C5742A /* Debug */ = {
			isa = XCBuildConfiguration;
			buildSettings = {
				ALWAYS_SEARCH_USER_PATHS = NO;
				CLANG_ANALYZER_NONNULL = YES;
				CLANG_ANALYZER_NUMBER_OBJECT_CONVERSION = YES_AGGRESSIVE;
				CLANG_CXX_LANGUAGE_STANDARD = "gnu++14";
				CLANG_CXX_LIBRARY = "libc++";
				CLANG_ENABLE_MODULES = YES;
				CLANG_ENABLE_OBJC_ARC = YES;
				CLANG_ENABLE_OBJC_WEAK = YES;
				CLANG_WARN_BLOCK_CAPTURE_AUTORELEASING = YES;
				CLANG_WARN_BOOL_CONVERSION = YES;
				CLANG_WARN_COMMA = YES;
				CLANG_WARN_CONSTANT_CONVERSION = YES;
				CLANG_WARN_DEPRECATED_OBJC_IMPLEMENTATIONS = YES;
				CLANG_WARN_DIRECT_OBJC_ISA_USAGE = YES_ERROR;
				CLANG_WARN_DOCUMENTATION_COMMENTS = YES;
				CLANG_WARN_EMPTY_BODY = YES;
				CLANG_WARN_ENUM_CONVERSION = YES;
				CLANG_WARN_INFINITE_RECURSION = YES;
				CLANG_WARN_INT_CONVERSION = YES;
				CLANG_WARN_NON_LITERAL_NULL_CONVERSION = YES;
				CLANG_WARN_OBJC_IMPLICIT_RETAIN_SELF = YES;
				CLANG_WARN_OBJC_LITERAL_CONVERSION = YES;
				CLANG_WARN_OBJC_ROOT_CLASS = YES_ERROR;
				CLANG_WARN_RANGE_LOOP_ANALYSIS = YES;
				CLANG_WARN_STRICT_PROTOTYPES = YES;
				CLANG_WARN_SUSPICIOUS_MOVE = YES;
				CLANG_WARN_UNGUARDED_AVAILABILITY = YES_AGGRESSIVE;
				CLANG_WARN_UNREACHABLE_CODE = YES;
				CLANG_WARN__DUPLICATE_METHOD_MATCH = YES;
				CODE_SIGN_IDENTITY = "iPhone Developer";
				COPY_PHASE_STRIP = NO;
				DEBUG_INFORMATION_FORMAT = dwarf;
				ENABLE_STRICT_OBJC_MSGSEND = YES;
				ENABLE_TESTABILITY = YES;
				GCC_C_LANGUAGE_STANDARD = gnu11;
				GCC_DYNAMIC_NO_PIC = NO;
				GCC_NO_COMMON_BLOCKS = YES;
				GCC_OPTIMIZATION_LEVEL = 0;
				GCC_PREPROCESSOR_DEFINITIONS = (
					"DEBUG=1",
					"$(inherited)",
				);
				GCC_WARN_64_TO_32_BIT_CONVERSION = YES;
				GCC_WARN_ABOUT_RETURN_TYPE = YES_ERROR;
				GCC_WARN_UNDECLARED_SELECTOR = YES;
				GCC_WARN_UNINITIALIZED_AUTOS = YES_AGGRESSIVE;
				GCC_WARN_UNUSED_FUNCTION = YES;
				GCC_WARN_UNUSED_VARIABLE = YES;
				IPHONEOS_DEPLOYMENT_TARGET = 12.1;
				MTL_ENABLE_DEBUG_INFO = INCLUDE_SOURCE;
				MTL_FAST_MATH = YES;
				ONLY_ACTIVE_ARCH = YES;
				SDKROOT = iphoneos;
				SWIFT_ACTIVE_COMPILATION_CONDITIONS = DEBUG;
				SWIFT_OPTIMIZATION_LEVEL = "-Onone";
			};
			name = Debug;
		};
		5BACE76122225CF600C5742A /* Release */ = {
			isa = XCBuildConfiguration;
			buildSettings = {
				ALWAYS_SEARCH_USER_PATHS = NO;
				CLANG_ANALYZER_NONNULL = YES;
				CLANG_ANALYZER_NUMBER_OBJECT_CONVERSION = YES_AGGRESSIVE;
				CLANG_CXX_LANGUAGE_STANDARD = "gnu++14";
				CLANG_CXX_LIBRARY = "libc++";
				CLANG_ENABLE_MODULES = YES;
				CLANG_ENABLE_OBJC_ARC = YES;
				CLANG_ENABLE_OBJC_WEAK = YES;
				CLANG_WARN_BLOCK_CAPTURE_AUTORELEASING = YES;
				CLANG_WARN_BOOL_CONVERSION = YES;
				CLANG_WARN_COMMA = YES;
				CLANG_WARN_CONSTANT_CONVERSION = YES;
				CLANG_WARN_DEPRECATED_OBJC_IMPLEMENTATIONS = YES;
				CLANG_WARN_DIRECT_OBJC_ISA_USAGE = YES_ERROR;
				CLANG_WARN_DOCUMENTATION_COMMENTS = YES;
				CLANG_WARN_EMPTY_BODY = YES;
				CLANG_WARN_ENUM_CONVERSION = YES;
				CLANG_WARN_INFINITE_RECURSION = YES;
				CLANG_WARN_INT_CONVERSION = YES;
				CLANG_WARN_NON_LITERAL_NULL_CONVERSION = YES;
				CLANG_WARN_OBJC_IMPLICIT_RETAIN_SELF = YES;
				CLANG_WARN_OBJC_LITERAL_CONVERSION = YES;
				CLANG_WARN_OBJC_ROOT_CLASS = YES_ERROR;
				CLANG_WARN_RANGE_LOOP_ANALYSIS = YES;
				CLANG_WARN_STRICT_PROTOTYPES = YES;
				CLANG_WARN_SUSPICIOUS_MOVE = YES;
				CLANG_WARN_UNGUARDED_AVAILABILITY = YES_AGGRESSIVE;
				CLANG_WARN_UNREACHABLE_CODE = YES;
				CLANG_WARN__DUPLICATE_METHOD_MATCH = YES;
				CODE_SIGN_IDENTITY = "iPhone Developer";
				COPY_PHASE_STRIP = NO;
				DEBUG_INFORMATION_FORMAT = "dwarf-with-dsym";
				ENABLE_NS_ASSERTIONS = NO;
				ENABLE_STRICT_OBJC_MSGSEND = YES;
				GCC_C_LANGUAGE_STANDARD = gnu11;
				GCC_NO_COMMON_BLOCKS = YES;
				GCC_WARN_64_TO_32_BIT_CONVERSION = YES;
				GCC_WARN_ABOUT_RETURN_TYPE = YES_ERROR;
				GCC_WARN_UNDECLARED_SELECTOR = YES;
				GCC_WARN_UNINITIALIZED_AUTOS = YES_AGGRESSIVE;
				GCC_WARN_UNUSED_FUNCTION = YES;
				GCC_WARN_UNUSED_VARIABLE = YES;
				IPHONEOS_DEPLOYMENT_TARGET = 12.1;
				MTL_ENABLE_DEBUG_INFO = NO;
				MTL_FAST_MATH = YES;
				SDKROOT = iphoneos;
				SWIFT_COMPILATION_MODE = wholemodule;
				SWIFT_OPTIMIZATION_LEVEL = "-O";
				VALIDATE_PRODUCT = YES;
			};
			name = Release;
		};
		5BACE76322225CF600C5742A /* Debug */ = {
			isa = XCBuildConfiguration;
			baseConfigurationReference = EAD5DE3D34D75E4C3C6EF4E4 /* Pods-Listado de Series.debug.xcconfig */;
			buildSettings = {
				ASSETCATALOG_COMPILER_APPICON_NAME = AppIcon;
				CODE_SIGN_STYLE = Automatic;
				DEVELOPMENT_TEAM = QSVNAXXAAU;
				INFOPLIST_FILE = "Listado de Series/Info.plist";
				LD_RUNPATH_SEARCH_PATHS = (
					"$(inherited)",
					"@executable_path/Frameworks",
				);
				PRODUCT_BUNDLE_IDENTIFIER = "obed.olvera.Listado-de-Series";
				PRODUCT_NAME = "$(TARGET_NAME)";
				SWIFT_VERSION = 4.2;
				TARGETED_DEVICE_FAMILY = "1,2";
			};
			name = Debug;
		};
		5BACE76422225CF600C5742A /* Release */ = {
			isa = XCBuildConfiguration;
			baseConfigurationReference = C0B75229CE0EC90D8A5899C7 /* Pods-Listado de Series.release.xcconfig */;
			buildSettings = {
				ASSETCATALOG_COMPILER_APPICON_NAME = AppIcon;
				CODE_SIGN_STYLE = Automatic;
				DEVELOPMENT_TEAM = QSVNAXXAAU;
				INFOPLIST_FILE = "Listado de Series/Info.plist";
				LD_RUNPATH_SEARCH_PATHS = (
					"$(inherited)",
					"@executable_path/Frameworks",
				);
				PRODUCT_BUNDLE_IDENTIFIER = "obed.olvera.Listado-de-Series";
				PRODUCT_NAME = "$(TARGET_NAME)";
				SWIFT_VERSION = 4.2;
				TARGETED_DEVICE_FAMILY = "1,2";
			};
			name = Release;
		};
/* End XCBuildConfiguration section */

/* Begin XCConfigurationList section */
		5BACE74822225CF400C5742A /* Build configuration list for PBXProject "Listado de Series" */ = {
			isa = XCConfigurationList;
			buildConfigurations = (
				5BACE76022225CF600C5742A /* Debug */,
				5BACE76122225CF600C5742A /* Release */,
			);
			defaultConfigurationIsVisible = 0;
			defaultConfigurationName = Release;
		};
		5BACE76222225CF600C5742A /* Build configuration list for PBXNativeTarget "Listado de Series" */ = {
			isa = XCConfigurationList;
			buildConfigurations = (
				5BACE76322225CF600C5742A /* Debug */,
				5BACE76422225CF600C5742A /* Release */,
			);
			defaultConfigurationIsVisible = 0;
			defaultConfigurationName = Release;
		};
/* End XCConfigurationList section */

/* Begin XCVersionGroup section */
		5BACE75722225CF400C5742A /* Listado_de_Series.xcdatamodeld */ = {
			isa = XCVersionGroup;
			children = (
				5BACE75822225CF400C5742A /* Listado_de_Series.xcdatamodel */,
			);
			currentVersion = 5BACE75822225CF400C5742A /* Listado_de_Series.xcdatamodel */;
			path = Listado_de_Series.xcdatamodeld;
			sourceTree = "<group>";
			versionGroupType = wrapper.xcdatamodel;
		};
/* End XCVersionGroup section */
	};
	rootObject = 5BACE74522225CF400C5742A /* Project object */;
}
